
Microsoft Visual Studio Solution File, Format Version 12.00
# Visual Studio 14
VisualStudioVersion = 14.0.22310.1
MinimumVisualStudioVersion = 10.0.40219.1
Project("{FAE04EC0-301F-11D3-BF4B-00C04F79EFBC}") = "Ticy.Web", "Ticy.Web\Ticy.Web.csproj", "{D85C500A-E683-4578-9056-B06A04822E4D}"
EndProject
Project("{FAE04EC0-301F-11D3-BF4B-00C04F79EFBC}") = "Ticy.Api", "Ticy.Api\Ticy.Api.csproj", "{658D3D00-B76B-421E-A79C-9024FE152AFC}"
EndProject
Project("{FAE04EC0-301F-11D3-BF4B-00C04F79EFBC}") = "Ticy.DataAccess", "Ticy.DataAccess\Ticy.DataAccess.csproj", "{6CB09DDE-C1C5-40A3-9415-76060FD07D66}"
EndProject
Project("{FAE04EC0-301F-11D3-BF4B-00C04F79EFBC}") = "Ticy.Domain", "Ticy.Domain\Ticy.Domain.csproj", "{0214403A-9167-44F4-B42F-27742A601FAB}"
EndProject
Global
	GlobalSection(SolutionConfigurationPlatforms) = preSolution
		Debug|Any CPU = Debug|Any CPU
		Release|Any CPU = Release|Any CPU
	EndGlobalSection
	GlobalSection(ProjectConfigurationPlatforms) = postSolution
		{D85C500A-E683-4578-9056-B06A04822E4D}.Debug|Any CPU.ActiveCfg = Debug|Any CPU
		{D85C500A-E683-4578-9056-B06A04822E4D}.Debug|Any CPU.Build.0 = Debug|Any CPU
		{D85C500A-E683-4578-9056-B06A04822E4D}.Release|Any CPU.ActiveCfg = Release|Any CPU
		{D85C500A-E683-4578-9056-B06A04822E4D}.Release|Any CPU.Build.0 = Release|Any CPU
		{658D3D00-B76B-421E-A79C-9024FE152AFC}.Debug|Any CPU.ActiveCfg = Debug|Any CPU
		{658D3D00-B76B-421E-A79C-9024FE152AFC}.Debug|Any CPU.Build.0 = Debug|Any CPU
		{658D3D00-B76B-421E-A79C-9024FE152AFC}.Release|Any CPU.ActiveCfg = Release|Any CPU
		{658D3D00-B76B-421E-A79C-9024FE152AFC}.Release|Any CPU.Build.0 = Release|Any CPU
		{6CB09DDE-C1C5-40A3-9415-76060FD07D66}.Debug|Any CPU.ActiveCfg = Debug|Any CPU
		{6CB09DDE-C1C5-40A3-9415-76060FD07D66}.Debug|Any CPU.Build.0 = Debug|Any CPU
		{6CB09DDE-C1C5-40A3-9415-76060FD07D66}.Release|Any CPU.ActiveCfg = Release|Any CPU
		{6CB09DDE-C1C5-40A3-9415-76060FD07D66}.Release|Any CPU.Build.0 = Release|Any CPU
		{0214403A-9167-44F4-B42F-27742A601FAB}.Debug|Any CPU.ActiveCfg = Debug|Any CPU
		{0214403A-9167-44F4-B42F-27742A601FAB}.Debug|Any CPU.Build.0 = Debug|Any CPU
		{0214403A-9167-44F4-B42F-27742A601FAB}.Release|Any CPU.ActiveCfg = Release|Any CPU
		{0214403A-9167-44F4-B42F-27742A601FAB}.Release|Any CPU.Build.0 = Release|Any CPU
	EndGlobalSection
	GlobalSection(SolutionProperties) = preSolution
		HideSolutionNode = FALSE
	EndGlobalSection
EndGlobal
